// !$*UTF8*$!
{
	archiveVersion = 1;
	classes = {
	};
	objectVersion = 50;
	objects = {

/* Begin PBXBuildFile section */
		113ECCBA2158D7B300729C7F /* AppDelegate.swift in Sources */ = {isa = PBXBuildFile; fileRef = 113ECCB92158D7B300729C7F /* AppDelegate.swift */; };
		113ECCBF2158D7B300729C7F /* Main.storyboard in Resources */ = {isa = PBXBuildFile; fileRef = 113ECCBD2158D7B300729C7F /* Main.storyboard */; };
		113ECCC12158D7B700729C7F /* Assets.xcassets in Resources */ = {isa = PBXBuildFile; fileRef = 113ECCC02158D7B700729C7F /* Assets.xcassets */; };
		113ECCC42158D7B700729C7F /* LaunchScreen.storyboard in Resources */ = {isa = PBXBuildFile; fileRef = 113ECCC22158D7B700729C7F /* LaunchScreen.storyboard */; };
		113ECCCF2158D7B700729C7F /* Future_Health_CareTests.swift in Sources */ = {isa = PBXBuildFile; fileRef = 113ECCCE2158D7B700729C7F /* Future_Health_CareTests.swift */; };
		113ECCDA2158D7B700729C7F /* Future_Health_CareUITests.swift in Sources */ = {isa = PBXBuildFile; fileRef = 113ECCD92158D7B700729C7F /* Future_Health_CareUITests.swift */; };
		113ECCE82158E1F200729C7F /* ViewController.swift in Sources */ = {isa = PBXBuildFile; fileRef = 113ECCE72158E1F200729C7F /* ViewController.swift */; };
		113ECCEA2158E23500729C7F /* TimeViewController.swift in Sources */ = {isa = PBXBuildFile; fileRef = 113ECCE92158E23500729C7F /* TimeViewController.swift */; };
		113ECCEC2158E28000729C7F /* AlertViewController.swift in Sources */ = {isa = PBXBuildFile; fileRef = 113ECCEB2158E28000729C7F /* AlertViewController.swift */; };
		113ECCEE2158E2AC00729C7F /* KirokuViewController.swift in Sources */ = {isa = PBXBuildFile; fileRef = 113ECCED2158E2AC00729C7F /* KirokuViewController.swift */; };
		113ECCF02158E2C900729C7F /* ShareViewController.swift in Sources */ = {isa = PBXBuildFile; fileRef = 113ECCEF2158E2C900729C7F /* ShareViewController.swift */; };
		D8A3754B216170690032FE69 /* 名称未設定-1.jpg in Resources */ = {isa = PBXBuildFile; fileRef = D8A3754A216170680032FE69 /* 名称未設定-1.jpg */; };
/* End PBXBuildFile section */

/* Begin PBXContainerItemProxy section */
		113ECCCB2158D7B700729C7F /* PBXContainerItemProxy */ = {
			isa = PBXContainerItemProxy;
			containerPortal = 113ECCAE2158D7B300729C7F /* Project object */;
			proxyType = 1;
			remoteGlobalIDString = 113ECCB52158D7B300729C7F;
			remoteInfo = "Future Health Care";
		};
		113ECCD62158D7B700729C7F /* PBXContainerItemProxy */ = {
			isa = PBXContainerItemProxy;
			containerPortal = 113ECCAE2158D7B300729C7F /* Project object */;
			proxyType = 1;
			remoteGlobalIDString = 113ECCB52158D7B300729C7F;
			remoteInfo = "Future Health Care";
		};
/* End PBXContainerItemProxy section */

/* Begin PBXFileReference section */
		113ECCB62158D7B300729C7F /* Future Health Care.app */ = {isa = PBXFileReference; explicitFileType = wrapper.application; includeInIndex = 0; path = "Future Health Care.app"; sourceTree = BUILT_PRODUCTS_DIR; };
		113ECCB92158D7B300729C7F /* AppDelegate.swift */ = {isa = PBXFileReference; lastKnownFileType = sourcecode.swift; path = AppDelegate.swift; sourceTree = "<group>"; };
		113ECCBE2158D7B300729C7F /* Base */ = {isa = PBXFileReference; lastKnownFileType = file.storyboard; name = Base; path = Base.lproj/Main.storyboard; sourceTree = "<group>"; };
		113ECCC02158D7B700729C7F /* Assets.xcassets */ = {isa = PBXFileReference; lastKnownFileType = folder.assetcatalog; path = Assets.xcassets; sourceTree = "<group>"; };
		113ECCC32158D7B700729C7F /* Base */ = {isa = PBXFileReference; lastKnownFileType = file.storyboard; name = Base; path = Base.lproj/LaunchScreen.storyboard; sourceTree = "<group>"; };
		113ECCC52158D7B700729C7F /* Info.plist */ = {isa = PBXFileReference; lastKnownFileType = text.plist.xml; path = Info.plist; sourceTree = "<group>"; };
		113ECCCA2158D7B700729C7F /* Future Health CareTests.xctest */ = {isa = PBXFileReference; explicitFileType = wrapper.cfbundle; includeInIndex = 0; path = "Future Health CareTests.xctest"; sourceTree = BUILT_PRODUCTS_DIR; };
		113ECCCE2158D7B700729C7F /* Future_Health_CareTests.swift */ = {isa = PBXFileReference; lastKnownFileType = sourcecode.swift; path = Future_Health_CareTests.swift; sourceTree = "<group>"; };
		113ECCD02158D7B700729C7F /* Info.plist */ = {isa = PBXFileReference; lastKnownFileType = text.plist.xml; path = Info.plist; sourceTree = "<group>"; };
		113ECCD52158D7B700729C7F /* Future Health CareUITests.xctest */ = {isa = PBXFileReference; explicitFileType = wrapper.cfbundle; includeInIndex = 0; path = "Future Health CareUITests.xctest"; sourceTree = BUILT_PRODUCTS_DIR; };
		113ECCD92158D7B700729C7F /* Future_Health_CareUITests.swift */ = {isa = PBXFileReference; lastKnownFileType = sourcecode.swift; path = Future_Health_CareUITests.swift; sourceTree = "<group>"; };
		113ECCDB2158D7B700729C7F /* Info.plist */ = {isa = PBXFileReference; lastKnownFileType = text.plist.xml; path = Info.plist; sourceTree = "<group>"; };
		113ECCE72158E1F200729C7F /* ViewController.swift */ = {isa = PBXFileReference; lastKnownFileType = sourcecode.swift; path = ViewController.swift; sourceTree = "<group>"; };
		113ECCE92158E23500729C7F /* TimeViewController.swift */ = {isa = PBXFileReference; lastKnownFileType = sourcecode.swift; path = TimeViewController.swift; sourceTree = "<group>"; };
		113ECCEB2158E28000729C7F /* AlertViewController.swift */ = {isa = PBXFileReference; lastKnownFileType = sourcecode.swift; path = AlertViewController.swift; sourceTree = "<group>"; };
		113ECCED2158E2AC00729C7F /* KirokuViewController.swift */ = {isa = PBXFileReference; lastKnownFileType = sourcecode.swift; path = KirokuViewController.swift; sourceTree = "<group>"; };
		113ECCEF2158E2C900729C7F /* ShareViewController.swift */ = {isa = PBXFileReference; lastKnownFileType = sourcecode.swift; path = ShareViewController.swift; sourceTree = "<group>"; };
		D8A3754A216170680032FE69 /* 名称未設定-1.jpg */ = {isa = PBXFileReference; lastKnownFileType = image.jpeg; path = "名称未設定-1.jpg"; sourceTree = "<group>"; };
/* End PBXFileReference section */

/* Begin PBXFrameworksBuildPhase section */
		113ECCB32158D7B300729C7F /* Frameworks */ = {
			isa = PBXFrameworksBuildPhase;
			buildActionMask = 2147483647;
			files = (
			);
			runOnlyForDeploymentPostprocessing = 0;
		};
		113ECCC72158D7B700729C7F /* Frameworks */ = {
			isa = PBXFrameworksBuildPhase;
			buildActionMask = 2147483647;
			files = (
			);
			runOnlyForDeploymentPostprocessing = 0;
		};
		113ECCD22158D7B700729C7F /* Frameworks */ = {
			isa = PBXFrameworksBuildPhase;
			buildActionMask = 2147483647;
			files = (
			);
			runOnlyForDeploymentPostprocessing = 0;
		};
/* End PBXFrameworksBuildPhase section */

/* Begin PBXGroup section */
		113ECCAD2158D7B300729C7F = {
			isa = PBXGroup;
			children = (
				113ECCB82158D7B300729C7F /* Future Health Care */,
				113ECCCD2158D7B700729C7F /* Future Health CareTests */,
				113ECCD82158D7B700729C7F /* Future Health CareUITests */,
				113ECCB72158D7B300729C7F /* Products */,
			);
			sourceTree = "<group>";
		};
		113ECCB72158D7B300729C7F /* Products */ = {
			isa = PBXGroup;
			children = (
				113ECCB62158D7B300729C7F /* Future Health Care.app */,
				113ECCCA2158D7B700729C7F /* Future Health CareTests.xctest */,
				113ECCD52158D7B700729C7F /* Future Health CareUITests.xctest */,
			);
			name = Products;
			sourceTree = "<group>";
		};
		113ECCB82158D7B300729C7F /* Future Health Care */ = {
			isa = PBXGroup;
			children = (
				D8A3754A216170680032FE69 /* 名称未設定-1.jpg */,
				113ECCB92158D7B300729C7F /* AppDelegate.swift */,
				113ECCBD2158D7B300729C7F /* Main.storyboard */,
				113ECCC02158D7B700729C7F /* Assets.xcassets */,
				113ECCC22158D7B700729C7F /* LaunchScreen.storyboard */,
				113ECCC52158D7B700729C7F /* Info.plist */,
				113ECCE72158E1F200729C7F /* ViewController.swift */,
				113ECCE92158E23500729C7F /* TimeViewController.swift */,
				113ECCEB2158E28000729C7F /* AlertViewController.swift */,
				113ECCED2158E2AC00729C7F /* KirokuViewController.swift */,
				113ECCEF2158E2C900729C7F /* ShareViewController.swift */,
			);
			path = "Future Health Care";
			sourceTree = "<group>";
		};
		113ECCCD2158D7B700729C7F /* Future Health CareTests */ = {
			isa = PBXGroup;
			children = (
				113ECCCE2158D7B700729C7F /* Future_Health_CareTests.swift */,
				113ECCD02158D7B700729C7F /* Info.plist */,
			);
			path = "Future Health CareTests";
			sourceTree = "<group>";
		};
		113ECCD82158D7B700729C7F /* Future Health CareUITests */ = {
			isa = PBXGroup;
			children = (
				113ECCD92158D7B700729C7F /* Future_Health_CareUITests.swift */,
				113ECCDB2158D7B700729C7F /* Info.plist */,
			);
			path = "Future Health CareUITests";
			sourceTree = "<group>";
		};
/* End PBXGroup section */

/* Begin PBXNativeTarget section */
		113ECCB52158D7B300729C7F /* Future Health Care */ = {
			isa = PBXNativeTarget;
			buildConfigurationList = 113ECCDE2158D7B700729C7F /* Build configuration list for PBXNativeTarget "Future Health Care" */;
			buildPhases = (
				113ECCB22158D7B300729C7F /* Sources */,
				113ECCB32158D7B300729C7F /* Frameworks */,
				113ECCB42158D7B300729C7F /* Resources */,
			);
			buildRules = (
			);
			dependencies = (
			);
			name = "Future Health Care";
			productName = "Future Health Care";
			productReference = 113ECCB62158D7B300729C7F /* Future Health Care.app */;
			productType = "com.apple.product-type.application";
		};
		113ECCC92158D7B700729C7F /* Future Health CareTests */ = {
			isa = PBXNativeTarget;
			buildConfigurationList = 113ECCE12158D7B700729C7F /* Build configuration list for PBXNativeTarget "Future Health CareTests" */;
			buildPhases = (
				113ECCC62158D7B700729C7F /* Sources */,
				113ECCC72158D7B700729C7F /* Frameworks */,
				113ECCC82158D7B700729C7F /* Resources */,
			);
			buildRules = (
			);
			dependencies = (
				113ECCCC2158D7B700729C7F /* PBXTargetDependency */,
			);
			name = "Future Health CareTests";
			productName = "Future Health CareTests";
			productReference = 113ECCCA2158D7B700729C7F /* Future Health CareTests.xctest */;
			productType = "com.apple.product-type.bundle.unit-test";
		};
		113ECCD42158D7B700729C7F /* Future Health CareUITests */ = {
			isa = PBXNativeTarget;
			buildConfigurationList = 113ECCE42158D7B700729C7F /* Build configuration list for PBXNativeTarget "Future Health CareUITests" */;
			buildPhases = (
				113ECCD12158D7B700729C7F /* Sources */,
				113ECCD22158D7B700729C7F /* Frameworks */,
				113ECCD32158D7B700729C7F /* Resources */,
			);
			buildRules = (
			);
			dependencies = (
				113ECCD72158D7B700729C7F /* PBXTargetDependency */,
			);
			name = "Future Health CareUITests";
			productName = "Future Health CareUITests";
			productReference = 113ECCD52158D7B700729C7F /* Future Health CareUITests.xctest */;
			productType = "com.apple.product-type.bundle.ui-testing";
		};
/* End PBXNativeTarget section */

/* Begin PBXProject section */
		113ECCAE2158D7B300729C7F /* Project object */ = {
			isa = PBXProject;
			attributes = {
				LastSwiftUpdateCheck = 0940;
				LastUpgradeCheck = 0940;
				ORGANIZATIONNAME = "末吉亮太";
				TargetAttributes = {
					113ECCB52158D7B300729C7F = {
						CreatedOnToolsVersion = 9.4.1;
					};
					113ECCC92158D7B700729C7F = {
						CreatedOnToolsVersion = 9.4.1;
						TestTargetID = 113ECCB52158D7B300729C7F;
					};
					113ECCD42158D7B700729C7F = {
						CreatedOnToolsVersion = 9.4.1;
						TestTargetID = 113ECCB52158D7B300729C7F;
					};
				};
			};
			buildConfigurationList = 113ECCB12158D7B300729C7F /* Build configuration list for PBXProject "Future Health Care" */;
			compatibilityVersion = "Xcode 9.3";
			developmentRegion = en;
			hasScannedForEncodings = 0;
			knownRegions = (
				en,
				Base,
			);
			mainGroup = 113ECCAD2158D7B300729C7F;
			productRefGroup = 113ECCB72158D7B300729C7F /* Products */;
			projectDirPath = "";
			projectRoot = "";
			targets = (
				113ECCB52158D7B300729C7F /* Future Health Care */,
				113ECCC92158D7B700729C7F /* Future Health CareTests */,
				113ECCD42158D7B700729C7F /* Future Health CareUITests */,
			);
		};
/* End PBXProject section */

/* Begin PBXResourcesBuildPhase section */
		113ECCB42158D7B300729C7F /* Resources */ = {
			isa = PBXResourcesBuildPhase;
			buildActionMask = 2147483647;
			files = (
				113ECCC42158D7B700729C7F /* LaunchScreen.storyboard in Resources */,
				113ECCC12158D7B700729C7F /* Assets.xcassets in Resources */,
				D8A3754B216170690032FE69 /* 名称未設定-1.jpg in Resources */,
				113ECCBF2158D7B300729C7F /* Main.storyboard in Resources */,
			);
			runOnlyForDeploymentPostprocessing = 0;
		};
		113ECCC82158D7B700729C7F /* Resources */ = {
			isa = PBXResourcesBuildPhase;
			buildActionMask = 2147483647;
			files = (
			);
			runOnlyForDeploymentPostprocessing = 0;
		};
		113ECCD32158D7B700729C7F /* Resources */ = {
			isa = PBXResourcesBuildPhase;
			buildActionMask = 2147483647;
			files = (
			);
			runOnlyForDeploymentPostprocessing = 0;
		};
/* End PBXResourcesBuildPhase section */

/* Begin PBXSourcesBuildPhase section */
		113ECCB22158D7B300729C7F /* Sources */ = {
			isa = PBXSourcesBuildPhase;
			buildActionMask = 2147483647;
			files = (
				113ECCF02158E2C900729C7F /* ShareViewController.swift in Sources */,
				113ECCEE2158E2AC00729C7F /* KirokuViewController.swift in Sources */,
				113ECCE82158E1F200729C7F /* ViewController.swift in Sources */,
				113ECCEA2158E23500729C7F /* TimeViewController.swift in Sources */,
				113ECCBA2158D7B300729C7F /* AppDelegate.swift in Sources */,
				113ECCEC2158E28000729C7F /* AlertViewController.swift in Sources */,
			);
			runOnlyForDeploymentPostprocessing = 0;
		};
		113ECCC62158D7B700729C7F /* Sources */ = {
			isa = PBXSourcesBuildPhase;
			buildActionMask = 2147483647;
			files = (
				113ECCCF2158D7B700729C7F /* Future_Health_CareTests.swift in Sources */,
			);
			runOnlyForDeploymentPostprocessing = 0;
		};
		113ECCD12158D7B700729C7F /* Sources */ = {
			isa = PBXSourcesBuildPhase;
			buildActionMask = 2147483647;
			files = (
				113ECCDA2158D7B700729C7F /* Future_Health_CareUITests.swift in Sources */,
			);
			runOnlyForDeploymentPostprocessing = 0;
		};
/* End PBXSourcesBuildPhase section */

/* Begin PBXTargetDependency section */
		113ECCCC2158D7B700729C7F /* PBXTargetDependency */ = {
			isa = PBXTargetDependency;
			target = 113ECCB52158D7B300729C7F /* Future Health Care */;
			targetProxy = 113ECCCB2158D7B700729C7F /* PBXContainerItemProxy */;
		};
		113ECCD72158D7B700729C7F /* PBXTargetDependency */ = {
			isa = PBXTargetDependency;
			target = 113ECCB52158D7B300729C7F /* Future Health Care */;
			targetProxy = 113ECCD62158D7B700729C7F /* PBXContainerItemProxy */;
		};
/* End PBXTargetDependency section */

/* Begin PBXVariantGroup section */
		113ECCBD2158D7B300729C7F /* Main.storyboard */ = {
			isa = PBXVariantGroup;
			children = (
				113ECCBE2158D7B300729C7F /* Base */,
			);
			name = Main.storyboard;
			sourceTree = "<group>";
		};
		113ECCC22158D7B700729C7F /* LaunchScreen.storyboard */ = {
			isa = PBXVariantGroup;
			children = (
				113ECCC32158D7B700729C7F /* Base */,
			);
			name = LaunchScreen.storyboard;
			sourceTree = "<group>";
		};
/* End PBXVariantGroup section */

/* Begin XCBuildConfiguration section */
		113ECCDC2158D7B700729C7F /* Debug */ = {
			isa = XCBuildConfiguration;
			buildSettings = {
				ALWAYS_SEARCH_USER_PATHS = NO;
				CLANG_ANALYZER_NONNULL = YES;
				CLANG_ANALYZER_NUMBER_OBJECT_CONVERSION = YES_AGGRESSIVE;
				CLANG_CXX_LANGUAGE_STANDARD = "gnu++14";
				CLANG_CXX_LIBRARY = "libc++";
				CLANG_ENABLE_MODULES = YES;
				CLANG_ENABLE_OBJC_ARC = YES;
				CLANG_ENABLE_OBJC_WEAK = YES;
				CLANG_WARN_BLOCK_CAPTURE_AUTORELEASING = YES;
				CLANG_WARN_BOOL_CONVERSION = YES;
				CLANG_WARN_COMMA = YES;
				CLANG_WARN_CONSTANT_CONVERSION = YES;
				CLANG_WARN_DEPRECATED_OBJC_IMPLEMENTATIONS = YES;
				CLANG_WARN_DIRECT_OBJC_ISA_USAGE = YES_ERROR;
				CLANG_WARN_DOCUMENTATION_COMMENTS = YES;
				CLANG_WARN_EMPTY_BODY = YES;
				CLANG_WARN_ENUM_CONVERSION = YES;
				CLANG_WARN_INFINITE_RECURSION = YES;
				CLANG_WARN_INT_CONVERSION = YES;
				CLANG_WARN_NON_LITERAL_NULL_CONVERSION = YES;
				CLANG_WARN_OBJC_IMPLICIT_RETAIN_SELF = YES;
				CLANG_WARN_OBJC_LITERAL_CONVERSION = YES;
				CLANG_WARN_OBJC_ROOT_CLASS = YES_ERROR;
				CLANG_WARN_RANGE_LOOP_ANALYSIS = YES;
				CLANG_WARN_STRICT_PROTOTYPES = YES;
				CLANG_WARN_SUSPICIOUS_MOVE = YES;
				CLANG_WARN_UNGUARDED_AVAILABILITY = YES_AGGRESSIVE;
				CLANG_WARN_UNREACHABLE_CODE = YES;
				CLANG_WARN__DUPLICATE_METHOD_MATCH = YES;
				CODE_SIGN_IDENTITY = "iPhone Developer";
				COPY_PHASE_STRIP = NO;
				DEBUG_INFORMATION_FORMAT = dwarf;
				ENABLE_STRICT_OBJC_MSGSEND = YES;
				ENABLE_TESTABILITY = YES;
				GCC_C_LANGUAGE_STANDARD = gnu11;
				GCC_DYNAMIC_NO_PIC = NO;
				GCC_NO_COMMON_BLOCKS = YES;
				GCC_OPTIMIZATION_LEVEL = 0;
				GCC_PREPROCESSOR_DEFINITIONS = (
					"DEBUG=1",
					"$(inherited)",
				);
				GCC_WARN_64_TO_32_BIT_CONVERSION = YES;
				GCC_WARN_ABOUT_RETURN_TYPE = YES_ERROR;
				GCC_WARN_UNDECLARED_SELECTOR = YES;
				GCC_WARN_UNINITIALIZED_AUTOS = YES_AGGRESSIVE;
				GCC_WARN_UNUSED_FUNCTION = YES;
				GCC_WARN_UNUSED_VARIABLE = YES;
				IPHONEOS_DEPLOYMENT_TARGET = 11.4;
				MTL_ENABLE_DEBUG_INFO = YES;
				ONLY_ACTIVE_ARCH = YES;
				SDKROOT = iphoneos;
				SWIFT_ACTIVE_COMPILATION_CONDITIONS = DEBUG;
				SWIFT_OPTIMIZATION_LEVEL = "-Onone";
			};
			name = Debug;
		};
		113ECCDD2158D7B700729C7F /* Release */ = {
			isa = XCBuildConfiguration;
			buildSettings = {
				ALWAYS_SEARCH_USER_PATHS = NO;
				CLANG_ANALYZER_NONNULL = YES;
				CLANG_ANALYZER_NUMBER_OBJECT_CONVERSION = YES_AGGRESSIVE;
				CLANG_CXX_LANGUAGE_STANDARD = "gnu++14";
				CLANG_CXX_LIBRARY = "libc++";
				CLANG_ENABLE_MODULES = YES;
				CLANG_ENABLE_OBJC_ARC = YES;
				CLANG_ENABLE_OBJC_WEAK = YES;
				CLANG_WARN_BLOCK_CAPTURE_AUTORELEASING = YES;
				CLANG_WARN_BOOL_CONVERSION = YES;
				CLANG_WARN_COMMA = YES;
				CLANG_WARN_CONSTANT_CONVERSION = YES;
				CLANG_WARN_DEPRECATED_OBJC_IMPLEMENTATIONS = YES;
				CLANG_WARN_DIRECT_OBJC_ISA_USAGE = YES_ERROR;
				CLANG_WARN_DOCUMENTATION_COMMENTS = YES;
				CLANG_WARN_EMPTY_BODY = YES;
				CLANG_WARN_ENUM_CONVERSION = YES;
				CLANG_WARN_INFINITE_RECURSION = YES;
				CLANG_WARN_INT_CONVERSION = YES;
				CLANG_WARN_NON_LITERAL_NULL_CONVERSION = YES;
				CLANG_WARN_OBJC_IMPLICIT_RETAIN_SELF = YES;
				CLANG_WARN_OBJC_LITERAL_CONVERSION = YES;
				CLANG_WARN_OBJC_ROOT_CLASS = YES_ERROR;
				CLANG_WARN_RANGE_LOOP_ANALYSIS = YES;
				CLANG_WARN_STRICT_PROTOTYPES = YES;
				CLANG_WARN_SUSPICIOUS_MOVE = YES;
				CLANG_WARN_UNGUARDED_AVAILABILITY = YES_AGGRESSIVE;
				CLANG_WARN_UNREACHABLE_CODE = YES;
				CLANG_WARN__DUPLICATE_METHOD_MATCH = YES;
				CODE_SIGN_IDENTITY = "iPhone Developer";
				COPY_PHASE_STRIP = NO;
				DEBUG_INFORMATION_FORMAT = "dwarf-with-dsym";
				ENABLE_NS_ASSERTIONS = NO;
				ENABLE_STRICT_OBJC_MSGSEND = YES;
				GCC_C_LANGUAGE_STANDARD = gnu11;
				GCC_NO_COMMON_BLOCKS = YES;
				GCC_WARN_64_TO_32_BIT_CONVERSION = YES;
				GCC_WARN_ABOUT_RETURN_TYPE = YES_ERROR;
				GCC_WARN_UNDECLARED_SELECTOR = YES;
				GCC_WARN_UNINITIALIZED_AUTOS = YES_AGGRESSIVE;
				GCC_WARN_UNUSED_FUNCTION = YES;
				GCC_WARN_UNUSED_VARIABLE = YES;
				IPHONEOS_DEPLOYMENT_TARGET = 11.4;
				MTL_ENABLE_DEBUG_INFO = NO;
				SDKROOT = iphoneos;
				SWIFT_COMPILATION_MODE = wholemodule;
				SWIFT_OPTIMIZATION_LEVEL = "-O";
				VALIDATE_PRODUCT = YES;
			};
			name = Release;
		};
		113ECCDF2158D7B700729C7F /* Debug */ = {
			isa = XCBuildConfiguration;
			buildSettings = {
				ASSETCATALOG_COMPILER_APPICON_NAME = AppIcon;
				CODE_SIGN_STYLE = Automatic;
				INFOPLIST_FILE = "Future Health Care/Info.plist";
				LD_RUNPATH_SEARCH_PATHS = (
					"$(inherited)",
					"@executable_path/Frameworks",
				);
				PRODUCT_BUNDLE_IDENTIFIER = "com.litech.Future-Health-Care";
				PRODUCT_NAME = "$(TARGET_NAME)";
				SWIFT_VERSION = 4.0;
				TARGETED_DEVICE_FAMILY = "1,2";
			};
			name = Debug;
		};
		113ECCE02158D7B700729C7F /* Release */ = {
			isa = XCBuildConfiguration;
			buildSettings = {
				ASSETCATALOG_COMPILER_APPICON_NAME = AppIcon;
				CODE_SIGN_STYLE = Automatic;
				INFOPLIST_FILE = "Future Health Care/Info.plist";
				LD_RUNPATH_SEARCH_PATHS = (
					"$(inherited)",
					"@executable_path/Frameworks",
				);
				PRODUCT_BUNDLE_IDENTIFIER = "com.litech.Future-Health-Care";
				PRODUCT_NAME = "$(TARGET_NAME)";
				SWIFT_VERSION = 4.0;
				TARGETED_DEVICE_FAMILY = "1,2";
			};
			name = Release;
		};
		113ECCE22158D7B700729C7F /* Debug */ = {
			isa = XCBuildConfiguration;
			buildSettings = {
				ALWAYS_EMBED_SWIFT_STANDARD_LIBRARIES = YES;
				BUNDLE_LOADER = "$(TEST_HOST)";
				CODE_SIGN_STYLE = Automatic;
				INFOPLIST_FILE = "Future Health CareTests/Info.plist";
				LD_RUNPATH_SEARCH_PATHS = (
					"$(inherited)",
					"@executable_path/Frameworks",
					"@loader_path/Frameworks",
				);
				PRODUCT_BUNDLE_IDENTIFIER = "com.litech.Future-Health-CareTests";
				PRODUCT_NAME = "$(TARGET_NAME)";
				SWIFT_VERSION = 4.0;
				TARGETED_DEVICE_FAMILY = "1,2";
				TEST_HOST = "$(BUILT_PRODUCTS_DIR)/Future Health Care.app/Future Health Care";
			};
			name = Debug;
		};
		113ECCE32158D7B700729C7F /* Release */ = {
			isa = XCBuildConfiguration;
			buildSettings = {
				ALWAYS_EMBED_SWIFT_STANDARD_LIBRARIES = YES;
				BUNDLE_LOADER = "$(TEST_HOST)";
				CODE_SIGN_STYLE = Automatic;
				INFOPLIST_FILE = "Future Health CareTests/Info.plist";
				LD_RUNPATH_SEARCH_PATHS = (
					"$(inherited)",
					"@executable_path/Frameworks",
					"@loader_path/Frameworks",
				);
				PRODUCT_BUNDLE_IDENTIFIER = "com.litech.Future-Health-CareTests";
				PRODUCT_NAME = "$(TARGET_NAME)";
				SWIFT_VERSION = 4.0;
				TARGETED_DEVICE_FAMILY = "1,2";
				TEST_HOST = "$(BUILT_PRODUCTS_DIR)/Future Health Care.app/Future Health Care";
			};
			name = Release;
		};
		113ECCE52158D7B700729C7F /* Debug */ = {
			isa = XCBuildConfiguration;
			buildSettings = {
				ALWAYS_EMBED_SWIFT_STANDARD_LIBRARIES = YES;
				CODE_SIGN_STYLE = Automatic;
				INFOPLIST_FILE = "Future Health CareUITests/Info.plist";
				LD_RUNPATH_SEARCH_PATHS = (
					"$(inherited)",
					"@executable_path/Frameworks",
					"@loader_path/Frameworks",
				);
				PRODUCT_BUNDLE_IDENTIFIER = "com.litech.Future-Health-CareUITests";
				PRODUCT_NAME = "$(TARGET_NAME)";
				SWIFT_VERSION = 4.0;
				TARGETED_DEVICE_FAMILY = "1,2";
				TEST_TARGET_NAME = "Future Health Care";
			};
			name = Debug;
		};
		113ECCE62158D7B700729C7F /* Release */ = {
			isa = XCBuildConfiguration;
			buildSettings = {
				ALWAYS_EMBED_SWIFT_STANDARD_LIBRARIES = YES;
				CODE_SIGN_STYLE = Automatic;
				INFOPLIST_FILE = "Future Health CareUITests/Info.plist";
				LD_RUNPATH_SEARCH_PATHS = (
					"$(inherited)",
					"@executable_path/Frameworks",
					"@loader_path/Frameworks",
				);
				PRODUCT_BUNDLE_IDENTIFIER = "com.litech.Future-Health-CareUITests";
				PRODUCT_NAME = "$(TARGET_NAME)";
				SWIFT_VERSION = 4.0;
				TARGETED_DEVICE_FAMILY = "1,2";
				TEST_TARGET_NAME = "Future Health Care";
			};
			name = Release;
		};
/* End XCBuildConfiguration section */

/* Begin XCConfigurationList section */
		113ECCB12158D7B300729C7F /* Build configuration list for PBXProject "Future Health Care" */ = {
			isa = XCConfigurationList;
			buildConfigurations = (
				113ECCDC2158D7B700729C7F /* Debug */,
				113ECCDD2158D7B700729C7F /* Release */,
			);
			defaultConfigurationIsVisible = 0;
			defaultConfigurationName = Release;
		};
		113ECCDE2158D7B700729C7F /* Build configuration list for PBXNativeTarget "Future Health Care" */ = {
			isa = XCConfigurationList;
			buildConfigurations = (
				113ECCDF2158D7B700729C7F /* Debug */,
				113ECCE02158D7B700729C7F /* Release */,
			);
			defaultConfigurationIsVisible = 0;
			defaultConfigurationName = Release;
		};
		113ECCE12158D7B700729C7F /* Build configuration list for PBXNativeTarget "Future Health CareTests" */ = {
			isa = XCConfigurationList;
			buildConfigurations = (
				113ECCE22158D7B700729C7F /* Debug */,
				113ECCE32158D7B700729C7F /* Release */,
			);
			defaultConfigurationIsVisible = 0;
			defaultConfigurationName = Release;
		};
		113ECCE42158D7B700729C7F /* Build configuration list for PBXNativeTarget "Future Health CareUITests" */ = {
			isa = XCConfigurationList;
			buildConfigurations = (
				113ECCE52158D7B700729C7F /* Debug */,
				113ECCE62158D7B700729C7F /* Release */,
			);
			defaultConfigurationIsVisible = 0;
			defaultConfigurationName = Release;
		};
/* End XCConfigurationList section */
	};
	rootObject = 113ECCAE2158D7B300729C7F /* Project object */;
}
